
Microsoft Visual Studio Solution File, Format Version 12.00
# Visual Studio Version 17
VisualStudioVersion = 17.13.35931.197 d17.13
MinimumVisualStudioVersion = 10.0.40219.1
Project("{FAE04EC0-301F-11D3-BF4B-00C04F79EFBC}") = "TestMod", "TestMod.csproj", "{0E88F4D5-03DD-8A1B-F527-1AAB2784D50A}"
EndProject
Global
	GlobalSection(SolutionConfigurationPlatforms) = preSolution
		Debug|Any CPU = Debug|Any CPU
		Release|Any CPU = Release|Any CPU
	EndGlobalSection
	GlobalSection(ProjectConfigurationPlatforms) = postSolution
		{0E88F4D5-03DD-8A1B-F527-1AAB2784D50A}.Debug|Any CPU.ActiveCfg = Debug|Any CPU
		{0E88F4D5-03DD-8A1B-F527-1AAB2784D50A}.Debug|Any CPU.Build.0 = Debug|Any CPU
		{0E88F4D5-03DD-8A1B-F527-1AAB2784D50A}.Release|Any CPU.ActiveCfg = Release|Any CPU
		{0E88F4D5-03DD-8A1B-F527-1AAB2784D50A}.Release|Any CPU.Build.0 = Release|Any CPU
	EndGlobalSection
	GlobalSection(SolutionProperties) = preSolution
		HideSolutionNode = FALSE
	EndGlobalSection
	GlobalSection(ExtensibilityGlobals) = postSolution
		SolutionGuid = {DE691BE4-7DEC-493D-9464-EE3FA6005C44}
	EndGlobalSection
EndGlobal
